{
  "requires": true,
  "lockfileVersion": 1,
  "dependencies": {
    "@babel/parser": {
      "version": "7.20.2",
      "resolved": "https://r.cnpmjs.org/@babel/parser/-/parser-7.20.2.tgz",
      "integrity": "sha512-afk318kh2uKbo7BEj2QtEi8HVCGrwHUffrYDy7dgVcSa2j9lY3LDjPzcyGdpX7xgm35aWqvciZJ4WKmdF/SxYg=="
    },
    "@vue/compiler-sfc": {
      "version": "2.7.13",
      "resolved": "https://r.cnpmjs.org/@vue/compiler-sfc/-/compiler-sfc-2.7.13.tgz",
      "integrity": "sha512-zzu2rLRZlgIU+OT3Atbr7Y6PG+LW4wVQpPfNRrGDH3dM9PsrcVfa+1pKb8bW467bGM3aDOvAnsYLWVpYIv3GRg==",
      "requires": {
        "@babel/parser": "^7.18.4",
        "postcss": "^8.4.14",
        "source-map": "^0.6.1"
      }
    },
    "csstype": {
      "version": "3.1.1",
      "resolved": "https://r.cnpmjs.org/csstype/-/csstype-3.1.1.tgz",
      "integrity": "sha512-DJR/VvkAvSZW9bTouZue2sSxDwdTN92uHjqeKVm+0dAqdfNykRzQ95tay8aXMBAAPpUiq4Qcug2L7neoRh2Egw=="
    },
    "nanoid": {
      "version": "3.3.4",
      "resolved": "https://r.cnpmjs.org/nanoid/-/nanoid-3.3.4.tgz",
      "integrity": "sha512-MqBkQh/OHTS2egovRtLk45wEyNXwF+cokD+1YPf9u5VfJiRdAiRwB2froX5Co9Rh20xs4siNPm8naNotSD6RBw=="
    },
    "picocolors": {
      "version": "1.0.0",
      "resolved": "https://r2.cnpmjs.org/picocolors/-/picocolors-1.0.0.tgz",
      "integrity": "sha512-1fygroTLlHu66zi26VoTDv8yRgm0Fccecssto+MhsZ0D/DGW2sm8E8AjW7NU5VVTRt5GxbeZ5qBuJr+HyLYkjQ=="
    },
    "postcss": {
      "version": "8.4.18",
      "resolved": "https://r.cnpmjs.org/postcss/-/postcss-8.4.18.tgz",
      "integrity": "sha512-Wi8mWhncLJm11GATDaQKobXSNEYGUHeQLiQqDFG1qQ5UTDPTEvKw0Xt5NsTpktGTwLps3ByrWsBrG0rB8YQ9oA==",
      "requires": {
        "nanoid": "^3.3.4",
        "picocolors": "^1.0.0",
        "source-map-js": "^1.0.2"
      }
    },
    "source-map": {
      "version": "0.6.1",
      "resolved": "https://r2.cnpmjs.org/source-map/-/source-map-0.6.1.tgz",
      "integrity": "sha512-UjgapumWlbMhkBgzT7Ykc5YXUT46F0iKu8SGXq0bcwP5dz/h0Plj6enJqjz1Zbq2l5WaqYnrVbwWOWMyF3F47g=="
    },
    "source-map-js": {
      "version": "1.0.2",
      "resolved": "https://r.cnpmjs.org/source-map-js/-/source-map-js-1.0.2.tgz",
      "integrity": "sha512-R0XvVJ9WusLiqTCEiGCmICCMplcCkIwwR11mOSD9CR5u+IXYdiseeEuXCVAjS54zqwkLcPNnmU4OeJ6tUrWhDw=="
    },
    "vue": {
      "version": "2.7.13",
      "resolved": "https://r.cnpmjs.org/vue/-/vue-2.7.13.tgz",
      "integrity": "sha512-QnM6ULTNnPmn71eUO+4hdjfBIA3H0GLsBnchnI/kS678tjI45GOUZhXd0oP/gX9isikXz1PAzSnkPspp9EUNfQ==",
      "requires": {
        "@vue/compiler-sfc": "2.7.13",
        "csstype": "^3.1.0"
      }
    }
  }
}
